github.com/feathericons/feather v4.28.0+incompatible/go.mod h1:+F8Ba9cmRHWu0pOVoZtid0iwkNJ8hr959HyPwj3hsRg=
github.com/jgthms/bulma v0.0.0-20200220210858-962f454b3229 h1:9Lr3PId2wPLeClQ8hEDiqECwC5vruA2rgFyhOGcb7eY=
github.com/jgthms/bulma v0.0.0-20200220210858-962f454b3229/go.mod h1:89FLBKXYFKfOKAoDeUT26V0pHGwzr205cMXAEqtAVOI=
github.com/jgthms/bulma v0.0.0-20210305201541-f26b871321a1 h1:eP/4J1dlB3aciBmAEx39nfRtUEXzC04QGyu8vgpQG58=
github.com/jgthms/bulma v0.0.0-20210305201541-f26b871321a1/go.mod h1:89FLBKXYFKfOKAoDeUT26V0pHGwzr205cMXAEqtAVOI=
github.com/pointyfar/hmd-content v1.0.2 h1:ytbFN9QxL33Y/AVOTpIeiDRsKPD+IWAK50P3JqMWMN4=
github.com/pointyfar/hmd-content v1.0.2/go.mod h1:zV1M9tXLe+8GM2yT1pFaHnYfAf7IViS4skf72ac3/sA=
github.com/pointyfar/hmd-theme v1.0.1 h1:I8QRtUCbJb+VIbrtXZ9wE81+8rB7psuBgJ1iALgMkys=
github.com/pointyfar/hmd-theme v1.0.1/go.mod h1:w6omYV5rZb4bFxzuXfW0np/8Sm3zsYOOHarsQbQX/vY=
github.com/pointyfar/hmd-theme v1.0.2 h1:dXlwH2Fv9g1WZRYYpiVRHDml3Uaikf8BOag7wKq5/Ns=
github.com/pointyfar/hmd-theme v1.0.2/go.mod h1:z8aPfDeNbTiqFowT0G+TcpN/NLvF0hbBxA4i+htOYjc=
github.com/pointyfar/hmd-theme v1.0.3 h1:nsmGO1CN8NEEW9NYKJ898EBC+jdBu6DmL85s3ThZ7AQ=
github.com/pointyfar/hmd-theme v1.0.3/go.mod h1:z8aPfDeNbTiqFowT0G+TcpN/NLvF0hbBxA4i+htOYjc=
github.com/sindresorhus/modern-normalize v1.0.0 h1:oPBq3EYTA4U42HYs4nRq9PoTRB3RLM7xzqmUP+S8TOk=
github.com/sindresorhus/modern-normalize v1.0.0/go.mod h1:3C79aOaTh2aoI/UR3dMMFq/zcdW6ElKzLd5cDS9TKkQ=
