github.com/jgthms/bulma v0.0.0-20200220210858-962f454b3229 h1:9Lr3PId2wPLeClQ8hEDiqECwC5vruA2rgFyhOGcb7eY=
github.com/jgthms/bulma v0.0.0-20200220210858-962f454b3229/go.mod h1:89FLBKXYFKfOKAoDeUT26V0pHGwzr205cMXAEqtAVOI=
github.com/pointyfar/hmd-content v1.0.2 h1:ytbFN9QxL33Y/AVOTpIeiDRsKPD+IWAK50P3JqMWMN4=
github.com/pointyfar/hmd-content v1.0.2/go.mod h1:zV1M9tXLe+8GM2yT1pFaHnYfAf7IViS4skf72ac3/sA=
github.com/pointyfar/hmd-theme v1.0.1 h1:I8QRtUCbJb+VIbrtXZ9wE81+8rB7psuBgJ1iALgMkys=
github.com/pointyfar/hmd-theme v1.0.1/go.mod h1:w6omYV5rZb4bFxzuXfW0np/8Sm3zsYOOHarsQbQX/vY=
